
Microsoft Visual Studio Solution File, Format Version 12.00
# Visual Studio 14
VisualStudioVersion = 14.0.24720.0
MinimumVisualStudioVersion = 10.0.40219.1
Project("{FAE04EC0-301F-11D3-BF4B-00C04F79EFBC}") = "WindowsFormsApplication1", "WindowsFormsApplication1\WindowsFormsApplication1.csproj", "{BBDB646E-DDD1-4151-8E0F-F32350A8ED73}"
EndProject
Project("{FAE04EC0-301F-11D3-BF4B-00C04F79EFBC}") = "sevser_lib", "sevser_lib\sevser_lib.csproj", "{8802D93E-4AAF-497B-A9CB-068A0D26A66C}"
EndProject
Project("{FAE04EC0-301F-11D3-BF4B-00C04F79EFBC}") = "http_service_lib", "http_service_lib\http_service_lib.csproj", "{CA5E4A24-085C-4BB9-AE5E-2BC804770F50}"
EndProject
Global
	GlobalSection(SolutionConfigurationPlatforms) = preSolution
		Debug|Any CPU = Debug|Any CPU
		Release|Any CPU = Release|Any CPU
	EndGlobalSection
	GlobalSection(ProjectConfigurationPlatforms) = postSolution
		{BBDB646E-DDD1-4151-8E0F-F32350A8ED73}.Debug|Any CPU.ActiveCfg = Debug|Any CPU
		{BBDB646E-DDD1-4151-8E0F-F32350A8ED73}.Debug|Any CPU.Build.0 = Debug|Any CPU
		{BBDB646E-DDD1-4151-8E0F-F32350A8ED73}.Release|Any CPU.ActiveCfg = Release|Any CPU
		{BBDB646E-DDD1-4151-8E0F-F32350A8ED73}.Release|Any CPU.Build.0 = Release|Any CPU
		{8802D93E-4AAF-497B-A9CB-068A0D26A66C}.Debug|Any CPU.ActiveCfg = Debug|Any CPU
		{8802D93E-4AAF-497B-A9CB-068A0D26A66C}.Debug|Any CPU.Build.0 = Debug|Any CPU
		{8802D93E-4AAF-497B-A9CB-068A0D26A66C}.Release|Any CPU.ActiveCfg = Release|Any CPU
		{8802D93E-4AAF-497B-A9CB-068A0D26A66C}.Release|Any CPU.Build.0 = Release|Any CPU
		{CA5E4A24-085C-4BB9-AE5E-2BC804770F50}.Debug|Any CPU.ActiveCfg = Debug|Any CPU
		{CA5E4A24-085C-4BB9-AE5E-2BC804770F50}.Debug|Any CPU.Build.0 = Debug|Any CPU
		{CA5E4A24-085C-4BB9-AE5E-2BC804770F50}.Release|Any CPU.ActiveCfg = Release|Any CPU
		{CA5E4A24-085C-4BB9-AE5E-2BC804770F50}.Release|Any CPU.Build.0 = Release|Any CPU
	EndGlobalSection
	GlobalSection(SolutionProperties) = preSolution
		HideSolutionNode = FALSE
	EndGlobalSection
EndGlobal
